
Microsoft Visual Studio Solution File, Format Version 12.00
# Visual Studio Version 17
VisualStudioVersion = 17.0.31912.275
MinimumVisualStudioVersion = 10.0.40219.1
Project("{FAE04EC0-301F-11D3-BF4B-00C04F79EFBC}") = "СпецификацияМеню", "СпецификацияМеню\СпецификацияМеню.csproj", "{D2F5B4AF-A2E2-4573-89DF-64F6D5FBBD05}"
EndProject
Global
	GlobalSection(SolutionConfigurationPlatforms) = preSolution
		Debug|Any CPU = Debug|Any CPU
		Release|Any CPU = Release|Any CPU
	EndGlobalSection
	GlobalSection(ProjectConfigurationPlatforms) = postSolution
		{D2F5B4AF-A2E2-4573-89DF-64F6D5FBBD05}.Debug|Any CPU.ActiveCfg = Debug|Any CPU
		{D2F5B4AF-A2E2-4573-89DF-64F6D5FBBD05}.Debug|Any CPU.Build.0 = Debug|Any CPU
		{D2F5B4AF-A2E2-4573-89DF-64F6D5FBBD05}.Release|Any CPU.ActiveCfg = Release|Any CPU
		{D2F5B4AF-A2E2-4573-89DF-64F6D5FBBD05}.Release|Any CPU.Build.0 = Release|Any CPU
	EndGlobalSection
	GlobalSection(SolutionProperties) = preSolution
		HideSolutionNode = FALSE
	EndGlobalSection
	GlobalSection(ExtensibilityGlobals) = postSolution
		SolutionGuid = {B6088BFB-9605-4E53-B634-5BFFB74163B2}
	EndGlobalSection
EndGlobal
